
Microsoft Visual Studio Solution File, Format Version 12.00
# Visual Studio Version 16
VisualStudioVersion = 16.0.29201.188
MinimumVisualStudioVersion = 10.0.40219.1
Project("{FAE04EC0-301F-11D3-BF4B-00C04F79EFBC}") = "NewCalculator", "NewCalculator\NewCalculator.csproj", "{9DDDA751-E24B-4055-805A-6A8D7C6A9BB9}"
EndProject
Global
	GlobalSection(SolutionConfigurationPlatforms) = preSolution
		Debug|Any CPU = Debug|Any CPU
		Release|Any CPU = Release|Any CPU
	EndGlobalSection
	GlobalSection(ProjectConfigurationPlatforms) = postSolution
		{9DDDA751-E24B-4055-805A-6A8D7C6A9BB9}.Debug|Any CPU.ActiveCfg = Debug|Any CPU
		{9DDDA751-E24B-4055-805A-6A8D7C6A9BB9}.Debug|Any CPU.Build.0 = Debug|Any CPU
		{9DDDA751-E24B-4055-805A-6A8D7C6A9BB9}.Release|Any CPU.ActiveCfg = Release|Any CPU
		{9DDDA751-E24B-4055-805A-6A8D7C6A9BB9}.Release|Any CPU.Build.0 = Release|Any CPU
	EndGlobalSection
	GlobalSection(SolutionProperties) = preSolution
		HideSolutionNode = FALSE
	EndGlobalSection
	GlobalSection(ExtensibilityGlobals) = postSolution
		SolutionGuid = {DC35F132-08DA-4DC8-ADB9-70A09B0088E8}
	EndGlobalSection
EndGlobal
